
Microsoft Visual Studio Solution File, Format Version 12.00
# Visual Studio Version 16
VisualStudioVersion = 16.0.29318.209
MinimumVisualStudioVersion = 10.0.40219.1
Project("{FAE04EC0-301F-11D3-BF4B-00C04F79EFBC}") = "UpFile", "UpFile\UpFile.csproj", "{02557746-2EC0-4DCC-9617-7F4AF15105D4}"
EndProject
Global
	GlobalSection(SolutionConfigurationPlatforms) = preSolution
		Debug|Any CPU = Debug|Any CPU
		Release|Any CPU = Release|Any CPU
	EndGlobalSection
	GlobalSection(ProjectConfigurationPlatforms) = postSolution
		{02557746-2EC0-4DCC-9617-7F4AF15105D4}.Debug|Any CPU.ActiveCfg = Debug|Any CPU
		{02557746-2EC0-4DCC-9617-7F4AF15105D4}.Debug|Any CPU.Build.0 = Debug|Any CPU
		{02557746-2EC0-4DCC-9617-7F4AF15105D4}.Release|Any CPU.ActiveCfg = Release|Any CPU
		{02557746-2EC0-4DCC-9617-7F4AF15105D4}.Release|Any CPU.Build.0 = Release|Any CPU
	EndGlobalSection
	GlobalSection(SolutionProperties) = preSolution
		HideSolutionNode = FALSE
	EndGlobalSection
	GlobalSection(ExtensibilityGlobals) = postSolution
		SolutionGuid = {4AC26EDD-1C4B-418B-8C43-B22C8F158E84}
	EndGlobalSection
EndGlobal
